// !$*UTF8*$!
{
	archiveVersion = 1;
	classes = {
	};
	objectVersion = 45;
	objects = {

/* Begin PBXBuildFile section */
		AA747D9F0F9514B9006C5449 /* iOSPorts_Prefix.pch in Headers */ = {isa = PBXBuildFile; fileRef = AA747D9E0F9514B9006C5449 /* iOSPorts_Prefix.pch */; };
		AACBBE4A0F95108600F1A2B1 /* Foundation.framework in Frameworks */ = {isa = PBXBuildFile; fileRef = AACBBE490F95108600F1A2B1 /* Foundation.framework */; };
/* End PBXBuildFile section */

/* Begin PBXContainerItemProxy section */
		A0ED928B12836557009FBCDC /* PBXContainerItemProxy */ = {
			isa = PBXContainerItemProxy;
			containerPortal = 0867D690FE84028FC02AAC07 /* Project object */;
			proxyType = 1;
			remoteGlobalIDString = A0ED928812836550009FBCDC;
			remoteInfo = "Makefile-iOSPorts";
		};
		A0ED937612837E91009FBCDC /* PBXContainerItemProxy */ = {
			isa = PBXContainerItemProxy;
			containerPortal = A0ED936F12837E91009FBCDC /* openldap.xcodeproj */;
			proxyType = 2;
			remoteGlobalIDString = A03ADDBE11D14F1200F5A51F;
			remoteInfo = ldap;
		};
		A0ED937812837E91009FBCDC /* PBXContainerItemProxy */ = {
			isa = PBXContainerItemProxy;
			containerPortal = A0ED936F12837E91009FBCDC /* openldap.xcodeproj */;
			proxyType = 2;
			remoteGlobalIDString = A03ADE2A11D1520A00F5A51F;
			remoteInfo = lber;
		};
		A0ED938212837EA1009FBCDC /* PBXContainerItemProxy */ = {
			isa = PBXContainerItemProxy;
			containerPortal = A0ED937A12837EA1009FBCDC /* pcre.xcodeproj */;
			proxyType = 2;
			remoteGlobalIDString = D2AAC07E0554694100DB518D;
			remoteInfo = pcre;
		};
		A0ED938912837EB1009FBCDC /* PBXContainerItemProxy */ = {
			isa = PBXContainerItemProxy;
			containerPortal = A0ED938412837EB1009FBCDC /* Cyrus SASL.xcodeproj */;
			proxyType = 2;
			remoteGlobalIDString = D2AAC07E0554694100DB518D;
			remoteInfo = sasl2;
		};
		A0ED939312837EBE009FBCDC /* PBXContainerItemProxy */ = {
			isa = PBXContainerItemProxy;
			containerPortal = A0ED938B12837EBE009FBCDC /* openssl.xcodeproj */;
			proxyType = 2;
			remoteGlobalIDString = D2AAC07E0554694100DB518D;
			remoteInfo = ssl;
		};
		A0ED939512837EBE009FBCDC /* PBXContainerItemProxy */ = {
			isa = PBXContainerItemProxy;
			containerPortal = A0ED938B12837EBE009FBCDC /* openssl.xcodeproj */;
			proxyType = 2;
			remoteGlobalIDString = A0511C5A127770FD00DE46C4;
			remoteInfo = crypto;
		};
		A0ED939712837EBE009FBCDC /* PBXContainerItemProxy */ = {
			isa = PBXContainerItemProxy;
			containerPortal = A0ED938B12837EBE009FBCDC /* openssl.xcodeproj */;
			proxyType = 2;
			remoteGlobalIDString = A0511DFF1277895300DE46C4;
			remoteInfo = test;
		};
/* End PBXContainerItemProxy section */

/* Begin PBXFileReference section */
		A03FC2211281F00A0083B2EB /* LICENSE */ = {isa = PBXFileReference; fileEncoding = 4; lastKnownFileType = text; path = LICENSE; sourceTree = "<group>"; };
		A03FC2221281F00A0083B2EB /* README */ = {isa = PBXFileReference; fileEncoding = 4; lastKnownFileType = text; path = README; sourceTree = "<group>"; };
		A0AA0AC912848B18004AD70C /* COPYING */ = {isa = PBXFileReference; fileEncoding = 4; lastKnownFileType = text; path = COPYING; sourceTree = "<group>"; };
		A0ED927F128362E7009FBCDC /* Makefile */ = {isa = PBXFileReference; fileEncoding = 4; lastKnownFileType = sourcecode.make; path = Makefile; sourceTree = "<group>"; };
		A0ED928012836334009FBCDC /* iOSPorts-geninfo.c */ = {isa = PBXFileReference; fileEncoding = 4; lastKnownFileType = sourcecode.c.c; path = "iOSPorts-geninfo.c"; sourceTree = "<group>"; };
		A0ED928212836334009FBCDC /* Makefile */ = {isa = PBXFileReference; fileEncoding = 4; lastKnownFileType = sourcecode.make; path = Makefile; sourceTree = "<group>"; };
		A0ED928312836334009FBCDC /* iOSPorts-pkginfo.c */ = {isa = PBXFileReference; fileEncoding = 4; lastKnownFileType = sourcecode.c.c; path = "iOSPorts-pkginfo.c"; sourceTree = "<group>"; };
		A0ED936F12837E91009FBCDC /* openldap.xcodeproj */ = {isa = PBXFileReference; lastKnownFileType = "wrapper.pb-project"; name = openldap.xcodeproj; path = openldap/openldap.xcodeproj; sourceTree = "<group>"; };
		A0ED937A12837EA1009FBCDC /* pcre.xcodeproj */ = {isa = PBXFileReference; lastKnownFileType = "wrapper.pb-project"; name = pcre.xcodeproj; path = pcre/pcre.xcodeproj; sourceTree = "<group>"; };
		A0ED938412837EB1009FBCDC /* Cyrus SASL.xcodeproj */ = {isa = PBXFileReference; lastKnownFileType = "wrapper.pb-project"; name = "Cyrus SASL.xcodeproj"; path = "cyrus-sasl/Cyrus SASL.xcodeproj"; sourceTree = "<group>"; };
		A0ED938B12837EBE009FBCDC /* openssl.xcodeproj */ = {isa = PBXFileReference; lastKnownFileType = "wrapper.pb-project"; name = openssl.xcodeproj; path = openssl/openssl.xcodeproj; sourceTree = "<group>"; };
		AA747D9E0F9514B9006C5449 /* iOSPorts_Prefix.pch */ = {isa = PBXFileReference; fileEncoding = 4; lastKnownFileType = sourcecode.c.h; path = iOSPorts_Prefix.pch; sourceTree = "<group>"; };
		AACBBE490F95108600F1A2B1 /* Foundation.framework */ = {isa = PBXFileReference; lastKnownFileType = wrapper.framework; name = Foundation.framework; path = System/Library/Frameworks/Foundation.framework; sourceTree = SDKROOT; };
		D2AAC07E0554694100DB518D /* libiOSPorts.a */ = {isa = PBXFileReference; explicitFileType = archive.ar; includeInIndex = 0; path = libiOSPorts.a; sourceTree = BUILT_PRODUCTS_DIR; };
/* End PBXFileReference section */

/* Begin PBXFrameworksBuildPhase section */
		D2AAC07C0554694100DB518D /* Frameworks */ = {
			isa = PBXFrameworksBuildPhase;
			buildActionMask = 2147483647;
			files = (
				AACBBE4A0F95108600F1A2B1 /* Foundation.framework in Frameworks */,
			);
			runOnlyForDeploymentPostprocessing = 0;
		};
/* End PBXFrameworksBuildPhase section */

/* Begin PBXGroup section */
		034768DFFF38A50411DB9C8B /* Products */ = {
			isa = PBXGroup;
			children = (
				D2AAC07E0554694100DB518D /* libiOSPorts.a */,
			);
			name = Products;
			sourceTree = "<group>";
		};
		0867D691FE84028FC02AAC07 /* iOSPorts */ = {
			isa = PBXGroup;
			children = (
				A0ED927F128362E7009FBCDC /* Makefile */,
				A03FC2211281F00A0083B2EB /* LICENSE */,
				A03FC2221281F00A0083B2EB /* README */,
				A0ED936B12837E33009FBCDC /* ports */,
				0867D69AFE84028FC02AAC07 /* Frameworks */,
				034768DFFF38A50411DB9C8B /* Products */,
			);
			name = iOSPorts;
			sourceTree = "<group>";
		};
		0867D69AFE84028FC02AAC07 /* Frameworks */ = {
			isa = PBXGroup;
			children = (
				AACBBE490F95108600F1A2B1 /* Foundation.framework */,
			);
			name = Frameworks;
			sourceTree = "<group>";
		};
		32C88DFF0371C24200C91783 /* Other Sources */ = {
			isa = PBXGroup;
			children = (
				AA747D9E0F9514B9006C5449 /* iOSPorts_Prefix.pch */,
				A0ED928012836334009FBCDC /* iOSPorts-geninfo.c */,
				A0ED928312836334009FBCDC /* iOSPorts-pkginfo.c */,
			);
			name = "Other Sources";
			path = other;
			sourceTree = "<group>";
		};
		A0AA0AC812848ADA004AD70C /* iOSPorts */ = {
			isa = PBXGroup;
			children = (
				A0AA0AC912848B18004AD70C /* COPYING */,
				A0ED928212836334009FBCDC /* Makefile */,
				A0AA0AD012848B78004AD70C /* Classes */,
				32C88DFF0371C24200C91783 /* Other Sources */,
			);
			path = iOSPorts;
			sourceTree = "<group>";
		};
		A0AA0AD012848B78004AD70C /* Classes */ = {
			isa = PBXGroup;
			children = (
			);
			name = Classes;
			path = classes;
			sourceTree = "<group>";
		};
		A0ED936B12837E33009FBCDC /* ports */ = {
			isa = PBXGroup;
			children = (
				A0ED936C12837E3F009FBCDC /* database */,
				A0ED936D12837E48009FBCDC /* devel */,
				A0AA0AC812848ADA004AD70C /* iOSPorts */,
				A0ED936E12837E4E009FBCDC /* security */,
			);
			path = ports;
			sourceTree = "<group>";
		};
		A0ED936C12837E3F009FBCDC /* database */ = {
			isa = PBXGroup;
			children = (
				A0ED936F12837E91009FBCDC /* openldap.xcodeproj */,
			);
			path = database;
			sourceTree = "<group>";
		};
		A0ED936D12837E48009FBCDC /* devel */ = {
			isa = PBXGroup;
			children = (
				A0ED937A12837EA1009FBCDC /* pcre.xcodeproj */,
			);
			path = devel;
			sourceTree = "<group>";
		};
		A0ED936E12837E4E009FBCDC /* security */ = {
			isa = PBXGroup;
			children = (
				A0ED938B12837EBE009FBCDC /* openssl.xcodeproj */,
				A0ED938412837EB1009FBCDC /* Cyrus SASL.xcodeproj */,
			);
			path = security;
			sourceTree = "<group>";
		};
		A0ED937012837E91009FBCDC /* Products */ = {
			isa = PBXGroup;
			children = (
				A0ED937712837E91009FBCDC /* libldap.a */,
				A0ED937912837E91009FBCDC /* liblber.a */,
			);
			name = Products;
			sourceTree = "<group>";
		};
		A0ED937B12837EA1009FBCDC /* Products */ = {
			isa = PBXGroup;
			children = (
				A0ED938312837EA1009FBCDC /* libpcre.a */,
			);
			name = Products;
			sourceTree = "<group>";
		};
		A0ED938512837EB1009FBCDC /* Products */ = {
			isa = PBXGroup;
			children = (
				A0ED938A12837EB1009FBCDC /* libsasl2.a */,
			);
			name = Products;
			sourceTree = "<group>";
		};
		A0ED938C12837EBE009FBCDC /* Products */ = {
			isa = PBXGroup;
			children = (
				A0ED939412837EBE009FBCDC /* libssl.a */,
				A0ED939612837EBE009FBCDC /* libcrypto.a */,
				A0ED939812837EBE009FBCDC /* test.app */,
			);
			name = Products;
			sourceTree = "<group>";
		};
/* End PBXGroup section */

/* Begin PBXHeadersBuildPhase section */
		D2AAC07A0554694100DB518D /* Headers */ = {
			isa = PBXHeadersBuildPhase;
			buildActionMask = 2147483647;
			files = (
				AA747D9F0F9514B9006C5449 /* iOSPorts_Prefix.pch in Headers */,
			);
			runOnlyForDeploymentPostprocessing = 0;
		};
/* End PBXHeadersBuildPhase section */

/* Begin PBXLegacyTarget section */
		A0ED928812836550009FBCDC /* Makefile-iOSPorts */ = {
			isa = PBXLegacyTarget;
			buildArgumentsString = "$(ACTION)";
			buildConfigurationList = A0ED929412836565009FBCDC /* Build configuration list for PBXLegacyTarget "Makefile-iOSPorts" */;
			buildPhases = (
			);
			buildToolPath = /usr/bin/make;
			dependencies = (
			);
			name = "Makefile-iOSPorts";
			passBuildSettingsInEnvironment = 1;
			productName = "Makefile-iOSPorts";
		};
/* End PBXLegacyTarget section */

/* Begin PBXNativeTarget section */
		D2AAC07D0554694100DB518D /* iOSPorts */ = {
			isa = PBXNativeTarget;
			buildConfigurationList = 1DEB921E08733DC00010E9CD /* Build configuration list for PBXNativeTarget "iOSPorts" */;
			buildPhases = (
				D2AAC07A0554694100DB518D /* Headers */,
				D2AAC07B0554694100DB518D /* Sources */,
				D2AAC07C0554694100DB518D /* Frameworks */,
			);
			buildRules = (
			);
			dependencies = (
				A0ED928C12836557009FBCDC /* PBXTargetDependency */,
			);
			name = iOSPorts;
			productName = iOSPorts;
			productReference = D2AAC07E0554694100DB518D /* libiOSPorts.a */;
			productType = "com.apple.product-type.library.static";
		};
/* End PBXNativeTarget section */

/* Begin PBXProject section */
		0867D690FE84028FC02AAC07 /* Project object */ = {
			isa = PBXProject;
			buildConfigurationList = 1DEB922208733DC00010E9CD /* Build configuration list for PBXProject "iOSPorts" */;
			compatibilityVersion = "Xcode 3.1";
			developmentRegion = English;
			hasScannedForEncodings = 1;
			knownRegions = (
				English,
				Japanese,
				French,
				German,
			);
			mainGroup = 0867D691FE84028FC02AAC07 /* iOSPorts */;
			productRefGroup = 034768DFFF38A50411DB9C8B /* Products */;
			projectDirPath = "";
			projectReferences = (
				{
					ProductGroup = A0ED938512837EB1009FBCDC /* Products */;
					ProjectRef = A0ED938412837EB1009FBCDC /* Cyrus SASL.xcodeproj */;
				},
				{
					ProductGroup = A0ED937012837E91009FBCDC /* Products */;
					ProjectRef = A0ED936F12837E91009FBCDC /* openldap.xcodeproj */;
				},
				{
					ProductGroup = A0ED938C12837EBE009FBCDC /* Products */;
					ProjectRef = A0ED938B12837EBE009FBCDC /* openssl.xcodeproj */;
				},
				{
					ProductGroup = A0ED937B12837EA1009FBCDC /* Products */;
					ProjectRef = A0ED937A12837EA1009FBCDC /* pcre.xcodeproj */;
				},
			);
			projectRoot = "";
			targets = (
				D2AAC07D0554694100DB518D /* iOSPorts */,
				A0ED928812836550009FBCDC /* Makefile-iOSPorts */,
			);
		};
/* End PBXProject section */

/* Begin PBXReferenceProxy section */
		A0ED937712837E91009FBCDC /* libldap.a */ = {
			isa = PBXReferenceProxy;
			fileType = archive.ar;
			path = libldap.a;
			remoteRef = A0ED937612837E91009FBCDC /* PBXContainerItemProxy */;
			sourceTree = BUILT_PRODUCTS_DIR;
		};
		A0ED937912837E91009FBCDC /* liblber.a */ = {
			isa = PBXReferenceProxy;
			fileType = archive.ar;
			path = liblber.a;
			remoteRef = A0ED937812837E91009FBCDC /* PBXContainerItemProxy */;
			sourceTree = BUILT_PRODUCTS_DIR;
		};
		A0ED938312837EA1009FBCDC /* libpcre.a */ = {
			isa = PBXReferenceProxy;
			fileType = archive.ar;
			path = libpcre.a;
			remoteRef = A0ED938212837EA1009FBCDC /* PBXContainerItemProxy */;
			sourceTree = BUILT_PRODUCTS_DIR;
		};
		A0ED938A12837EB1009FBCDC /* libsasl2.a */ = {
			isa = PBXReferenceProxy;
			fileType = archive.ar;
			path = libsasl2.a;
			remoteRef = A0ED938912837EB1009FBCDC /* PBXContainerItemProxy */;
			sourceTree = BUILT_PRODUCTS_DIR;
		};
		A0ED939412837EBE009FBCDC /* libssl.a */ = {
			isa = PBXReferenceProxy;
			fileType = archive.ar;
			path = libssl.a;
			remoteRef = A0ED939312837EBE009FBCDC /* PBXContainerItemProxy */;
			sourceTree = BUILT_PRODUCTS_DIR;
		};
		A0ED939612837EBE009FBCDC /* libcrypto.a */ = {
			isa = PBXReferenceProxy;
			fileType = archive.ar;
			path = libcrypto.a;
			remoteRef = A0ED939512837EBE009FBCDC /* PBXContainerItemProxy */;
			sourceTree = BUILT_PRODUCTS_DIR;
		};
		A0ED939812837EBE009FBCDC /* test.app */ = {
			isa = PBXReferenceProxy;
			fileType = wrapper.application;
			path = test.app;
			remoteRef = A0ED939712837EBE009FBCDC /* PBXContainerItemProxy */;
			sourceTree = BUILT_PRODUCTS_DIR;
		};
/* End PBXReferenceProxy section */

/* Begin PBXSourcesBuildPhase section */
		D2AAC07B0554694100DB518D /* Sources */ = {
			isa = PBXSourcesBuildPhase;
			buildActionMask = 2147483647;
			files = (
			);
			runOnlyForDeploymentPostprocessing = 0;
		};
/* End PBXSourcesBuildPhase section */

/* Begin PBXTargetDependency section */
		A0ED928C12836557009FBCDC /* PBXTargetDependency */ = {
			isa = PBXTargetDependency;
			target = A0ED928812836550009FBCDC /* Makefile-iOSPorts */;
			targetProxy = A0ED928B12836557009FBCDC /* PBXContainerItemProxy */;
		};
/* End PBXTargetDependency section */

/* Begin XCBuildConfiguration section */
		1DEB921F08733DC00010E9CD /* Debug */ = {
			isa = XCBuildConfiguration;
			buildSettings = {
				ALWAYS_SEARCH_USER_PATHS = NO;
				ARCHS = "$(ARCHS_STANDARD_32_BIT)";
				COPY_PHASE_STRIP = NO;
				DSTROOT = /tmp/iOSPorts.dst;
				GCC_DYNAMIC_NO_PIC = NO;
				GCC_ENABLE_FIX_AND_CONTINUE = YES;
				GCC_MODEL_TUNING = G5;
				GCC_OPTIMIZATION_LEVEL = 0;
				GCC_PRECOMPILE_PREFIX_HEADER = YES;
				GCC_PREFIX_HEADER = src/iOSPorts_Prefix.pch;
				INSTALL_PATH = /usr/local/lib;
				PRODUCT_NAME = iOSPorts;
			};
			name = Debug;
		};
		1DEB922008733DC00010E9CD /* Release */ = {
			isa = XCBuildConfiguration;
			buildSettings = {
				ALWAYS_SEARCH_USER_PATHS = NO;
				ARCHS = "$(ARCHS_STANDARD_32_BIT)";
				DSTROOT = /tmp/iOSPorts.dst;
				GCC_MODEL_TUNING = G5;
				GCC_PRECOMPILE_PREFIX_HEADER = YES;
				GCC_PREFIX_HEADER = src/iOSPorts_Prefix.pch;
				INSTALL_PATH = /usr/local/lib;
				PRODUCT_NAME = iOSPorts;
			};
			name = Release;
		};
		1DEB922308733DC00010E9CD /* Debug */ = {
			isa = XCBuildConfiguration;
			buildSettings = {
				ARCHS = "$(ARCHS_STANDARD_32_BIT)";
				GCC_C_LANGUAGE_STANDARD = c99;
				GCC_OPTIMIZATION_LEVEL = 0;
				GCC_WARN_ABOUT_RETURN_TYPE = YES;
				GCC_WARN_UNUSED_VARIABLE = YES;
				HEADER_SEARCH_PATHS = include/;
				OTHER_LDFLAGS = "-ObjC";
				PREBINDING = NO;
				SDKROOT = iphoneos4.1;
			};
			name = Debug;
		};
		1DEB922408733DC00010E9CD /* Release */ = {
			isa = XCBuildConfiguration;
			buildSettings = {
				ARCHS = "$(ARCHS_STANDARD_32_BIT)";
				GCC_C_LANGUAGE_STANDARD = c99;
				GCC_WARN_ABOUT_RETURN_TYPE = YES;
				GCC_WARN_UNUSED_VARIABLE = YES;
				HEADER_SEARCH_PATHS = include/;
				OTHER_LDFLAGS = "-ObjC";
				PREBINDING = NO;
				SDKROOT = iphoneos4.1;
			};
			name = Release;
		};
		A0ED928912836550009FBCDC /* Debug */ = {
			isa = XCBuildConfiguration;
			buildSettings = {
				COPY_PHASE_STRIP = NO;
				GCC_DYNAMIC_NO_PIC = NO;
				GCC_OPTIMIZATION_LEVEL = 0;
				PRODUCT_NAME = "Makefile-iOSPorts";
			};
			name = Debug;
		};
		A0ED928A12836550009FBCDC /* Release */ = {
			isa = XCBuildConfiguration;
			buildSettings = {
				COPY_PHASE_STRIP = YES;
				DEBUG_INFORMATION_FORMAT = "dwarf-with-dsym";
				GCC_ENABLE_FIX_AND_CONTINUE = NO;
				PRODUCT_NAME = "Makefile-iOSPorts";
				ZERO_LINK = NO;
			};
			name = Release;
		};
/* End XCBuildConfiguration section */

/* Begin XCConfigurationList section */
		1DEB921E08733DC00010E9CD /* Build configuration list for PBXNativeTarget "iOSPorts" */ = {
			isa = XCConfigurationList;
			buildConfigurations = (
				1DEB921F08733DC00010E9CD /* Debug */,
				1DEB922008733DC00010E9CD /* Release */,
			);
			defaultConfigurationIsVisible = 0;
			defaultConfigurationName = Release;
		};
		1DEB922208733DC00010E9CD /* Build configuration list for PBXProject "iOSPorts" */ = {
			isa = XCConfigurationList;
			buildConfigurations = (
				1DEB922308733DC00010E9CD /* Debug */,
				1DEB922408733DC00010E9CD /* Release */,
			);
			defaultConfigurationIsVisible = 0;
			defaultConfigurationName = Release;
		};
		A0ED929412836565009FBCDC /* Build configuration list for PBXLegacyTarget "Makefile-iOSPorts" */ = {
			isa = XCConfigurationList;
			buildConfigurations = (
				A0ED928912836550009FBCDC /* Debug */,
				A0ED928A12836550009FBCDC /* Release */,
			);
			defaultConfigurationIsVisible = 0;
			defaultConfigurationName = Release;
		};
/* End XCConfigurationList section */
	};
	rootObject = 0867D690FE84028FC02AAC07 /* Project object */;
}
